
Microsoft Visual Studio Solution File, Format Version 12.00
# Visual Studio 15
VisualStudioVersion = 15.0.27004.2010
MinimumVisualStudioVersion = 10.0.40219.1
Project("{FAE04EC0-301F-11D3-BF4B-00C04F79EFBC}") = "Delegati", "Delegati\Delegati.csproj", "{1D6442EC-173D-439C-9446-7EDCD4A17401}"
EndProject
Global
	GlobalSection(SolutionConfigurationPlatforms) = preSolution
		Debug|Any CPU = Debug|Any CPU
		Release|Any CPU = Release|Any CPU
	EndGlobalSection
	GlobalSection(ProjectConfigurationPlatforms) = postSolution
		{1D6442EC-173D-439C-9446-7EDCD4A17401}.Debug|Any CPU.ActiveCfg = Debug|Any CPU
		{1D6442EC-173D-439C-9446-7EDCD4A17401}.Debug|Any CPU.Build.0 = Debug|Any CPU
		{1D6442EC-173D-439C-9446-7EDCD4A17401}.Release|Any CPU.ActiveCfg = Release|Any CPU
		{1D6442EC-173D-439C-9446-7EDCD4A17401}.Release|Any CPU.Build.0 = Release|Any CPU
	EndGlobalSection
	GlobalSection(SolutionProperties) = preSolution
		HideSolutionNode = FALSE
	EndGlobalSection
	GlobalSection(ExtensibilityGlobals) = postSolution
		SolutionGuid = {329C57B1-AD2F-4B12-9DEB-3B6836097D53}
	EndGlobalSection
EndGlobal
